// !$*UTF8*$!
{
	archiveVersion = 1;
	classes = {
	};
	objectVersion = 56;
	objects = {

/* Begin PBXBuildFile section */
		0A086E4E2B8D0DB700ACCD6B /* AppDelegate.swift in Sources */ = {isa = PBXBuildFile; fileRef = 0A086E4D2B8D0DB700ACCD6B /* AppDelegate.swift */; };
		0A086E572B8D0DB900ACCD6B /* Assets.xcassets in Resources */ = {isa = PBXBuildFile; fileRef = 0A086E562B8D0DB900ACCD6B /* Assets.xcassets */; };
		0A086E5A2B8D0DB900ACCD6B /* LaunchScreen.storyboard in Resources */ = {isa = PBXBuildFile; fileRef = 0A086E582B8D0DB900ACCD6B /* LaunchScreen.storyboard */; };
		0A086E652B8D0DB900ACCD6B /* RecepiesTests.swift in Sources */ = {isa = PBXBuildFile; fileRef = 0A086E642B8D0DB900ACCD6B /* RecepiesTests.swift */; };
		0A086E6F2B8D0DB900ACCD6B /* RecepiesUITests.swift in Sources */ = {isa = PBXBuildFile; fileRef = 0A086E6E2B8D0DB900ACCD6B /* RecepiesUITests.swift */; };
		0A086E712B8D0DB900ACCD6B /* RecepiesUITestsLaunchTests.swift in Sources */ = {isa = PBXBuildFile; fileRef = 0A086E702B8D0DB900ACCD6B /* RecepiesUITestsLaunchTests.swift */; };
		0A086E8C2B8D207D00ACCD6B /* AuthView.swift in Sources */ = {isa = PBXBuildFile; fileRef = 0A086E8B2B8D207D00ACCD6B /* AuthView.swift */; };
		0A086E8E2B8D209C00ACCD6B /* AuthPresenter.swift in Sources */ = {isa = PBXBuildFile; fileRef = 0A086E8D2B8D209C00ACCD6B /* AuthPresenter.swift */; };
		0A086E902B8D20FB00ACCD6B /* AuthService.swift in Sources */ = {isa = PBXBuildFile; fileRef = 0A086E8F2B8D20FB00ACCD6B /* AuthService.swift */; };
		0A086E952B8DCC2C00ACCD6B /* BaseCoordinator.swift in Sources */ = {isa = PBXBuildFile; fileRef = 0A086E942B8DCC2C00ACCD6B /* BaseCoordinator.swift */; };
		0A086E9C2B8DD7D000ACCD6B /* MainTabBarViewController.swift in Sources */ = {isa = PBXBuildFile; fileRef = 0A086E9B2B8DD7D000ACCD6B /* MainTabBarViewController.swift */; };
		0A086E9E2B8DEDF800ACCD6B /* RecipesCoordinator.swift in Sources */ = {isa = PBXBuildFile; fileRef = 0A086E9D2B8DEDF800ACCD6B /* RecipesCoordinator.swift */; };
		0A086EA02B8DEF4400ACCD6B /* AuthCoordinator.swift in Sources */ = {isa = PBXBuildFile; fileRef = 0A086E9F2B8DEF4400ACCD6B /* AuthCoordinator.swift */; };
		0A086EA22B8DEFDC00ACCD6B /* FavoritesCoordinator.swift in Sources */ = {isa = PBXBuildFile; fileRef = 0A086EA12B8DEFDC00ACCD6B /* FavoritesCoordinator.swift */; };
		0A086EA42B8DF00900ACCD6B /* ProfileCoordinator.swift in Sources */ = {isa = PBXBuildFile; fileRef = 0A086EA32B8DF00900ACCD6B /* ProfileCoordinator.swift */; };
		0A413F0A2B9B3CA500F975C5 /* Database.swift in Sources */ = {isa = PBXBuildFile; fileRef = 0A413F092B9B3CA500F975C5 /* Database.swift */; };
		0A57032D2B97461500996130 /* UIColor+Extension.swift in Sources */ = {isa = PBXBuildFile; fileRef = 0A57032C2B97461500996130 /* UIColor+Extension.swift */; };
		0A5703562B98484500996130 /* CategoryState.swift in Sources */ = {isa = PBXBuildFile; fileRef = 0A5703552B98484500996130 /* CategoryState.swift */; };
		0A57035A2B99E84600996130 /* LoggerInvoker.swift in Sources */ = {isa = PBXBuildFile; fileRef = 0A5703592B99E84600996130 /* LoggerInvoker.swift */; };
		0A57035C2B99E91500996130 /* Logger.swift in Sources */ = {isa = PBXBuildFile; fileRef = 0A57035B2B99E91500996130 /* Logger.swift */; };
		0A57035E2B99E97700996130 /* LogCommand.swift in Sources */ = {isa = PBXBuildFile; fileRef = 0A57035D2B99E97700996130 /* LogCommand.swift */; };
		0A80A4722B91C8E900539C0A /* Category.swift in Sources */ = {isa = PBXBuildFile; fileRef = 0A80A4712B91C8E900539C0A /* Category.swift */; };
		0A80A4752B923BE400539C0A /* FavoritesPresenter.swift in Sources */ = {isa = PBXBuildFile; fileRef = 0A80A4742B923BE400539C0A /* FavoritesPresenter.swift */; };
		0A80A4782B92700800539C0A /* PFCViewCell.swift in Sources */ = {isa = PBXBuildFile; fileRef = 0A80A4772B92700800539C0A /* PFCViewCell.swift */; };
		0A80A47A2B92716200539C0A /* PFCView.swift in Sources */ = {isa = PBXBuildFile; fileRef = 0A80A4792B92716200539C0A /* PFCView.swift */; };
		0AAE695B2BA41D0300DCC1B3 /* Proxy.swift in Sources */ = {isa = PBXBuildFile; fileRef = 0AAE695A2BA41D0300DCC1B3 /* Proxy.swift */; };
		0AC310D32BA09E0500EF7DE7 /* CategoryType.swift in Sources */ = {isa = PBXBuildFile; fileRef = 0AC310D22BA09E0500EF7DE7 /* CategoryType.swift */; };
		0AC310D62BA0CA7E00EF7DE7 /* RequestCreator.swift in Sources */ = {isa = PBXBuildFile; fileRef = 0AC310D52BA0CA7E00EF7DE7 /* RequestCreator.swift */; };
		0AC9D9C92BA07F9A00371A0F /* NetworkService.swift in Sources */ = {isa = PBXBuildFile; fileRef = 0AC9D9C82BA07F9A00371A0F /* NetworkService.swift */; };
		0ACD2EC82B8E68B2000BA913 /* UIFont+Extension.swift in Sources */ = {isa = PBXBuildFile; fileRef = 0ACD2EC72B8E68B2000BA913 /* UIFont+Extension.swift */; };
		0ACD2ECA2B8E76A0000BA913 /* UIView+Extension.swift in Sources */ = {isa = PBXBuildFile; fileRef = 0ACD2EC92B8E76A0000BA913 /* UIView+Extension.swift */; };
		0ACD2ECF2B8FAF1A000BA913 /* CategoryView.swift in Sources */ = {isa = PBXBuildFile; fileRef = 0ACD2ECE2B8FAF1A000BA913 /* CategoryView.swift */; };
		0ACD2ED12B8FAF2B000BA913 /* CategoryPresenter.swift in Sources */ = {isa = PBXBuildFile; fileRef = 0ACD2ED02B8FAF2B000BA913 /* CategoryPresenter.swift */; };
		0ACD2ED42B8FC355000BA913 /* CategoryViewCell.swift in Sources */ = {isa = PBXBuildFile; fileRef = 0ACD2ED32B8FC355000BA913 /* CategoryViewCell.swift */; };
		0ACD2ED82B906830000BA913 /* TypeAlias.swift in Sources */ = {isa = PBXBuildFile; fileRef = 0ACD2ED72B906830000BA913 /* TypeAlias.swift */; };
		0ACD2EDA2B9102AE000BA913 /* SceneDelegate.swift in Sources */ = {isa = PBXBuildFile; fileRef = 0ACD2ED92B9102AE000BA913 /* SceneDelegate.swift */; };
		0ACD2EE82B91037E000BA913 /* RecipesPresenter.swift in Sources */ = {isa = PBXBuildFile; fileRef = 0ACD2EE12B91037E000BA913 /* RecipesPresenter.swift */; };
		0ACD2EEA2B91037E000BA913 /* Recipe.swift in Sources */ = {isa = PBXBuildFile; fileRef = 0ACD2EE42B91037E000BA913 /* Recipe.swift */; };
		0ACD2EEB2B91037E000BA913 /* RecipesCollectionViewCell.swift in Sources */ = {isa = PBXBuildFile; fileRef = 0ACD2EE62B91037E000BA913 /* RecipesCollectionViewCell.swift */; };
		0ACD2EEC2B91037E000BA913 /* RecipesView.swift in Sources */ = {isa = PBXBuildFile; fileRef = 0ACD2EE72B91037E000BA913 /* RecipesView.swift */; };
		0ACD2EEE2B9106D9000BA913 /* Builder.swift in Sources */ = {isa = PBXBuildFile; fileRef = 0ACD2EED2B9106D9000BA913 /* Builder.swift */; };
		0ACD2EF02B9106ED000BA913 /* AppCoordinator.swift in Sources */ = {isa = PBXBuildFile; fileRef = 0ACD2EEF2B9106ED000BA913 /* AppCoordinator.swift */; };
		0AD8065C2BB4ADA0000CE00E /* SortingButtonPackage in Frameworks */ = {isa = PBXBuildFile; productRef = 0AD8065B2BB4ADA0000CE00E /* SortingButtonPackage */; };
		0AD806892BB5A7F4000CE00E /* swiftgen.yml in Resources */ = {isa = PBXBuildFile; fileRef = 0AD806882BB5A7F4000CE00E /* swiftgen.yml */; };
		0AD8068B2BB5E7E3000CE00E /* Localizable.strings in Resources */ = {isa = PBXBuildFile; fileRef = 0AD8068A2BB5E7E3000CE00E /* Localizable.strings */; };
		0AD806972BB5FB76000CE00E /* Strings+Generated.swift in Sources */ = {isa = PBXBuildFile; fileRef = 0AD806952BB5FB76000CE00E /* Strings+Generated.swift */; };
		0AD806982BB5FB76000CE00E /* XCAssets+Generated.swift in Sources */ = {isa = PBXBuildFile; fileRef = 0AD806962BB5FB76000CE00E /* XCAssets+Generated.swift */; };
		0AE749882BA4AEA9005F923F /* CategoryDTO.swift in Sources */ = {isa = PBXBuildFile; fileRef = 0AE7497F2BA4AEA9005F923F /* CategoryDTO.swift */; };
		0AE749892BA4AEA9005F923F /* RecipeDTO.swift in Sources */ = {isa = PBXBuildFile; fileRef = 0AE749802BA4AEA9005F923F /* RecipeDTO.swift */; };
		0AE7498A2BA4AEA9005F923F /* HitDTO.swift in Sources */ = {isa = PBXBuildFile; fileRef = 0AE749812BA4AEA9005F923F /* HitDTO.swift */; };
		0AE7498B2BA4AEA9005F923F /* RecipeDetailDTO.swift in Sources */ = {isa = PBXBuildFile; fileRef = 0AE749832BA4AEA9005F923F /* RecipeDetailDTO.swift */; };
		0AE7498C2BA4AEA9005F923F /* NutrientsDTO.swift in Sources */ = {isa = PBXBuildFile; fileRef = 0AE749842BA4AEA9005F923F /* NutrientsDTO.swift */; };
		0AE7498D2BA4AEA9005F923F /* InfoDTO.swift in Sources */ = {isa = PBXBuildFile; fileRef = 0AE749852BA4AEA9005F923F /* InfoDTO.swift */; };
		0AE7498E2BA4AEA9005F923F /* RecipeDTOContainer.swift in Sources */ = {isa = PBXBuildFile; fileRef = 0AE749862BA4AEA9005F923F /* RecipeDTOContainer.swift */; };
		0AE7498F2BA4AEA9005F923F /* TotalDTO.swift in Sources */ = {isa = PBXBuildFile; fileRef = 0AE749872BA4AEA9005F923F /* TotalDTO.swift */; };
		0AE749912BA4B35F005F923F /* RecipeDetailResponseDTO.swift in Sources */ = {isa = PBXBuildFile; fileRef = 0AE749902BA4B35F005F923F /* RecipeDetailResponseDTO.swift */; };
		0AE749982BA55B82005F923F /* CacheService.swift in Sources */ = {isa = PBXBuildFile; fileRef = 0AE749972BA55B82005F923F /* CacheService.swift */; };
		0AE7499B2BA55C6A005F923F /* Recepies.xcdatamodeld in Sources */ = {isa = PBXBuildFile; fileRef = 0AE749992BA55C6A005F923F /* Recepies.xcdatamodeld */; };
		0AE7499E2BA55CC6005F923F /* CoreDataManager.swift in Sources */ = {isa = PBXBuildFile; fileRef = 0AE7499D2BA55CC6005F923F /* CoreDataManager.swift */; };
		0AE749A52BA56CBA005F923F /* RecipeDetailedCD+CoreDataClass.swift in Sources */ = {isa = PBXBuildFile; fileRef = 0AE7499F2BA56CBA005F923F /* RecipeDetailedCD+CoreDataClass.swift */; };
		0AE749A72BA56CBA005F923F /* CategoryCD+CoreDataClass.swift in Sources */ = {isa = PBXBuildFile; fileRef = 0AE749A12BA56CBA005F923F /* CategoryCD+CoreDataClass.swift */; };
		0AE749A92BA56CBA005F923F /* RecipeCD+CoreDataClass.swift in Sources */ = {isa = PBXBuildFile; fileRef = 0AE749A32BA56CBA005F923F /* RecipeCD+CoreDataClass.swift */; };
		1B9880A92B921DE90020B796 /* DetailPresenter.swift in Sources */ = {isa = PBXBuildFile; fileRef = 1B9880A82B921DE90020B796 /* DetailPresenter.swift */; };
		1B9880AB2B921E100020B796 /* DetailView.swift in Sources */ = {isa = PBXBuildFile; fileRef = 1B9880AA2B921E100020B796 /* DetailView.swift */; };
		1B9880AD2B93556D0020B796 /* TitleTableViewCell.swift in Sources */ = {isa = PBXBuildFile; fileRef = 1B9880AC2B93556D0020B796 /* TitleTableViewCell.swift */; };
		1B9880AF2B9377530020B796 /* FullDescriptionTableViewCell.swift in Sources */ = {isa = PBXBuildFile; fileRef = 1B9880AE2B9377530020B796 /* FullDescriptionTableViewCell.swift */; };
		1B9880B82B9674910020B796 /* TermsView.swift in Sources */ = {isa = PBXBuildFile; fileRef = 1B9880B72B9674910020B796 /* TermsView.swift */; };
		1B9880BA2B97883C0020B796 /* Terms.swift in Sources */ = {isa = PBXBuildFile; fileRef = 1B9880B92B97883C0020B796 /* Terms.swift */; };
		1B9880BE2B9A5CB50020B796 /* User.swift in Sources */ = {isa = PBXBuildFile; fileRef = 1B9880BD2B9A5CB50020B796 /* User.swift */; };
		1B9880C02B9A5D7A0020B796 /* Caretaker.swift in Sources */ = {isa = PBXBuildFile; fileRef = 1B9880BF2B9A5D7A0020B796 /* Caretaker.swift */; };
		1B9B36DC2B8E1DB900E774EB /* PresenterProfile.swift in Sources */ = {isa = PBXBuildFile; fileRef = 1B9B36DB2B8E1DB900E774EB /* PresenterProfile.swift */; };
		1B9B36E02B8E1DC200E774EB /* Options.swift in Sources */ = {isa = PBXBuildFile; fileRef = 1B9B36DE2B8E1DC200E774EB /* Options.swift */; };
		1B9B36E12B8E1DC200E774EB /* ProfileUser.swift in Sources */ = {isa = PBXBuildFile; fileRef = 1B9B36DF2B8E1DC200E774EB /* ProfileUser.swift */; };
		1B9B36E42B8E1DCC00E774EB /* ProfileView.swift in Sources */ = {isa = PBXBuildFile; fileRef = 1B9B36E32B8E1DCC00E774EB /* ProfileView.swift */; };
		1B9B36E62B8E1E2F00E774EB /* MainTableViewCell.swift in Sources */ = {isa = PBXBuildFile; fileRef = 1B9B36E52B8E1E2F00E774EB /* MainTableViewCell.swift */; };
		1B9B36E82B8E1E3400E774EB /* OtherTableViewCell.swift in Sources */ = {isa = PBXBuildFile; fileRef = 1B9B36E72B8E1E3400E774EB /* OtherTableViewCell.swift */; };
		1B9B36EA2B8E8F8D00E774EB /* BonusViewController.swift in Sources */ = {isa = PBXBuildFile; fileRef = 1B9B36E92B8E8F8D00E774EB /* BonusViewController.swift */; };
		1B9B36EF2B8EA6BD00E774EB /* PresenterBonus.swift in Sources */ = {isa = PBXBuildFile; fileRef = 1B9B36EE2B8EA6BD00E774EB /* PresenterBonus.swift */; };
		1B9B36F22B8EB5E700E774EB /* FavoritesView.swift in Sources */ = {isa = PBXBuildFile; fileRef = 1B9B36F12B8EB5E700E774EB /* FavoritesView.swift */; };
		1BC98B572BA0C1CB00E9D78D /* RecipeDetail.swift in Sources */ = {isa = PBXBuildFile; fileRef = 1BC98B562BA0C1CB00E9D78D /* RecipeDetail.swift */; };
		1BC98B692BA3562F00E9D78D /* ShimmerCell.swift in Sources */ = {isa = PBXBuildFile; fileRef = 1BC98B682BA3562F00E9D78D /* ShimmerCell.swift */; };
		1BC98B6B2BA3651B00E9D78D /* ErrorView.swift in Sources */ = {isa = PBXBuildFile; fileRef = 1BC98B6A2BA3651B00E9D78D /* ErrorView.swift */; };
		916E754CC66FE1F605AA5F1A /* Pods_Recepies.framework in Frameworks */ = {isa = PBXBuildFile; fileRef = 105C35E515F6D6F540F1985C /* Pods_Recepies.framework */; };
/* End PBXBuildFile section */

/* Begin PBXContainerItemProxy section */
		0A086E612B8D0DB900ACCD6B /* PBXContainerItemProxy */ = {
			isa = PBXContainerItemProxy;
			containerPortal = 0A086E422B8D0DB700ACCD6B /* Project object */;
			proxyType = 1;
			remoteGlobalIDString = 0A086E492B8D0DB700ACCD6B;
			remoteInfo = Recepies;
		};
		0A086E6B2B8D0DB900ACCD6B /* PBXContainerItemProxy */ = {
			isa = PBXContainerItemProxy;
			containerPortal = 0A086E422B8D0DB700ACCD6B /* Project object */;
			proxyType = 1;
			remoteGlobalIDString = 0A086E492B8D0DB700ACCD6B;
			remoteInfo = Recepies;
		};
/* End PBXContainerItemProxy section */

/* Begin PBXFileReference section */
		0A086E4A2B8D0DB700ACCD6B /* Recepies.app */ = {isa = PBXFileReference; explicitFileType = wrapper.application; includeInIndex = 0; path = Recepies.app; sourceTree = BUILT_PRODUCTS_DIR; };
		0A086E4D2B8D0DB700ACCD6B /* AppDelegate.swift */ = {isa = PBXFileReference; lastKnownFileType = sourcecode.swift; path = AppDelegate.swift; sourceTree = "<group>"; };
		0A086E562B8D0DB900ACCD6B /* Assets.xcassets */ = {isa = PBXFileReference; lastKnownFileType = folder.assetcatalog; path = Assets.xcassets; sourceTree = "<group>"; };
		0A086E592B8D0DB900ACCD6B /* Base */ = {isa = PBXFileReference; lastKnownFileType = file.storyboard; name = Base; path = Base.lproj/LaunchScreen.storyboard; sourceTree = "<group>"; };
		0A086E5B2B8D0DB900ACCD6B /* Info.plist */ = {isa = PBXFileReference; lastKnownFileType = text.plist.xml; path = Info.plist; sourceTree = "<group>"; };
		0A086E602B8D0DB900ACCD6B /* RecepiesTests.xctest */ = {isa = PBXFileReference; explicitFileType = wrapper.cfbundle; includeInIndex = 0; path = RecepiesTests.xctest; sourceTree = BUILT_PRODUCTS_DIR; };
		0A086E642B8D0DB900ACCD6B /* RecepiesTests.swift */ = {isa = PBXFileReference; lastKnownFileType = sourcecode.swift; path = RecepiesTests.swift; sourceTree = "<group>"; };
		0A086E6A2B8D0DB900ACCD6B /* RecepiesUITests.xctest */ = {isa = PBXFileReference; explicitFileType = wrapper.cfbundle; includeInIndex = 0; path = RecepiesUITests.xctest; sourceTree = BUILT_PRODUCTS_DIR; };
		0A086E6E2B8D0DB900ACCD6B /* RecepiesUITests.swift */ = {isa = PBXFileReference; lastKnownFileType = sourcecode.swift; path = RecepiesUITests.swift; sourceTree = "<group>"; };
		0A086E702B8D0DB900ACCD6B /* RecepiesUITestsLaunchTests.swift */ = {isa = PBXFileReference; lastKnownFileType = sourcecode.swift; path = RecepiesUITestsLaunchTests.swift; sourceTree = "<group>"; };
		0A086E8B2B8D207D00ACCD6B /* AuthView.swift */ = {isa = PBXFileReference; lastKnownFileType = sourcecode.swift; path = AuthView.swift; sourceTree = "<group>"; };
		0A086E8D2B8D209C00ACCD6B /* AuthPresenter.swift */ = {isa = PBXFileReference; lastKnownFileType = sourcecode.swift; path = AuthPresenter.swift; sourceTree = "<group>"; };
		0A086E8F2B8D20FB00ACCD6B /* AuthService.swift */ = {isa = PBXFileReference; lastKnownFileType = sourcecode.swift; path = AuthService.swift; sourceTree = "<group>"; };
		0A086E942B8DCC2C00ACCD6B /* BaseCoordinator.swift */ = {isa = PBXFileReference; lastKnownFileType = sourcecode.swift; path = BaseCoordinator.swift; sourceTree = "<group>"; };
		0A086E9B2B8DD7D000ACCD6B /* MainTabBarViewController.swift */ = {isa = PBXFileReference; lastKnownFileType = sourcecode.swift; path = MainTabBarViewController.swift; sourceTree = "<group>"; };
		0A086E9D2B8DEDF800ACCD6B /* RecipesCoordinator.swift */ = {isa = PBXFileReference; lastKnownFileType = sourcecode.swift; path = RecipesCoordinator.swift; sourceTree = "<group>"; };
		0A086E9F2B8DEF4400ACCD6B /* AuthCoordinator.swift */ = {isa = PBXFileReference; lastKnownFileType = sourcecode.swift; path = AuthCoordinator.swift; sourceTree = "<group>"; };
		0A086EA12B8DEFDC00ACCD6B /* FavoritesCoordinator.swift */ = {isa = PBXFileReference; lastKnownFileType = sourcecode.swift; path = FavoritesCoordinator.swift; sourceTree = "<group>"; };
		0A086EA32B8DF00900ACCD6B /* ProfileCoordinator.swift */ = {isa = PBXFileReference; lastKnownFileType = sourcecode.swift; path = ProfileCoordinator.swift; sourceTree = "<group>"; };
		0A413F092B9B3CA500F975C5 /* Database.swift */ = {isa = PBXFileReference; lastKnownFileType = sourcecode.swift; path = Database.swift; sourceTree = "<group>"; };
		0A57032C2B97461500996130 /* UIColor+Extension.swift */ = {isa = PBXFileReference; lastKnownFileType = sourcecode.swift; path = "UIColor+Extension.swift"; sourceTree = "<group>"; };
		0A5703552B98484500996130 /* CategoryState.swift */ = {isa = PBXFileReference; lastKnownFileType = sourcecode.swift; path = CategoryState.swift; sourceTree = "<group>"; };
		0A5703592B99E84600996130 /* LoggerInvoker.swift */ = {isa = PBXFileReference; lastKnownFileType = sourcecode.swift; path = LoggerInvoker.swift; sourceTree = "<group>"; };
		0A57035B2B99E91500996130 /* Logger.swift */ = {isa = PBXFileReference; lastKnownFileType = sourcecode.swift; path = Logger.swift; sourceTree = "<group>"; };
		0A57035D2B99E97700996130 /* LogCommand.swift */ = {isa = PBXFileReference; lastKnownFileType = sourcecode.swift; path = LogCommand.swift; sourceTree = "<group>"; };
		0A80A4712B91C8E900539C0A /* Category.swift */ = {isa = PBXFileReference; lastKnownFileType = sourcecode.swift; path = Category.swift; sourceTree = "<group>"; };
		0A80A4742B923BE400539C0A /* FavoritesPresenter.swift */ = {isa = PBXFileReference; lastKnownFileType = sourcecode.swift; path = FavoritesPresenter.swift; sourceTree = "<group>"; };
		0A80A4772B92700800539C0A /* PFCViewCell.swift */ = {isa = PBXFileReference; lastKnownFileType = sourcecode.swift; path = PFCViewCell.swift; sourceTree = "<group>"; };
		0A80A4792B92716200539C0A /* PFCView.swift */ = {isa = PBXFileReference; lastKnownFileType = sourcecode.swift; path = PFCView.swift; sourceTree = "<group>"; };
		0AAE695A2BA41D0300DCC1B3 /* Proxy.swift */ = {isa = PBXFileReference; lastKnownFileType = sourcecode.swift; path = Proxy.swift; sourceTree = "<group>"; };
		0AC310D22BA09E0500EF7DE7 /* CategoryType.swift */ = {isa = PBXFileReference; lastKnownFileType = sourcecode.swift; path = CategoryType.swift; sourceTree = "<group>"; };
		0AC310D52BA0CA7E00EF7DE7 /* RequestCreator.swift */ = {isa = PBXFileReference; lastKnownFileType = sourcecode.swift; path = RequestCreator.swift; sourceTree = "<group>"; };
		0AC9D9C82BA07F9A00371A0F /* NetworkService.swift */ = {isa = PBXFileReference; lastKnownFileType = sourcecode.swift; path = NetworkService.swift; sourceTree = "<group>"; };
		0ACD2EC72B8E68B2000BA913 /* UIFont+Extension.swift */ = {isa = PBXFileReference; lastKnownFileType = sourcecode.swift; path = "UIFont+Extension.swift"; sourceTree = "<group>"; };
		0ACD2EC92B8E76A0000BA913 /* UIView+Extension.swift */ = {isa = PBXFileReference; lastKnownFileType = sourcecode.swift; path = "UIView+Extension.swift"; sourceTree = "<group>"; };
		0ACD2ECE2B8FAF1A000BA913 /* CategoryView.swift */ = {isa = PBXFileReference; lastKnownFileType = sourcecode.swift; path = CategoryView.swift; sourceTree = "<group>"; };
		0ACD2ED02B8FAF2B000BA913 /* CategoryPresenter.swift */ = {isa = PBXFileReference; lastKnownFileType = sourcecode.swift; path = CategoryPresenter.swift; sourceTree = "<group>"; };
		0ACD2ED32B8FC355000BA913 /* CategoryViewCell.swift */ = {isa = PBXFileReference; lastKnownFileType = sourcecode.swift; path = CategoryViewCell.swift; sourceTree = "<group>"; };
		0ACD2ED72B906830000BA913 /* TypeAlias.swift */ = {isa = PBXFileReference; lastKnownFileType = sourcecode.swift; path = TypeAlias.swift; sourceTree = "<group>"; };
		0ACD2ED92B9102AE000BA913 /* SceneDelegate.swift */ = {isa = PBXFileReference; fileEncoding = 4; lastKnownFileType = sourcecode.swift; path = SceneDelegate.swift; sourceTree = "<group>"; };
		0ACD2EE12B91037E000BA913 /* RecipesPresenter.swift */ = {isa = PBXFileReference; fileEncoding = 4; lastKnownFileType = sourcecode.swift; path = RecipesPresenter.swift; sourceTree = "<group>"; };
		0ACD2EE42B91037E000BA913 /* Recipe.swift */ = {isa = PBXFileReference; fileEncoding = 4; lastKnownFileType = sourcecode.swift; path = Recipe.swift; sourceTree = "<group>"; };
		0ACD2EE62B91037E000BA913 /* RecipesCollectionViewCell.swift */ = {isa = PBXFileReference; fileEncoding = 4; lastKnownFileType = sourcecode.swift; path = RecipesCollectionViewCell.swift; sourceTree = "<group>"; };
		0ACD2EE72B91037E000BA913 /* RecipesView.swift */ = {isa = PBXFileReference; fileEncoding = 4; lastKnownFileType = sourcecode.swift; path = RecipesView.swift; sourceTree = "<group>"; };
		0ACD2EED2B9106D9000BA913 /* Builder.swift */ = {isa = PBXFileReference; fileEncoding = 4; lastKnownFileType = sourcecode.swift; path = Builder.swift; sourceTree = "<group>"; };
		0ACD2EEF2B9106ED000BA913 /* AppCoordinator.swift */ = {isa = PBXFileReference; fileEncoding = 4; lastKnownFileType = sourcecode.swift; path = AppCoordinator.swift; sourceTree = "<group>"; };
		0AD806882BB5A7F4000CE00E /* swiftgen.yml */ = {isa = PBXFileReference; fileEncoding = 4; lastKnownFileType = text.yaml; path = swiftgen.yml; sourceTree = "<group>"; };
		0AD8068A2BB5E7E3000CE00E /* Localizable.strings */ = {isa = PBXFileReference; lastKnownFileType = text.plist.strings; path = Localizable.strings; sourceTree = "<group>"; };
		0AD806952BB5FB76000CE00E /* Strings+Generated.swift */ = {isa = PBXFileReference; fileEncoding = 4; lastKnownFileType = sourcecode.swift; path = "Strings+Generated.swift"; sourceTree = "<group>"; };
		0AD806962BB5FB76000CE00E /* XCAssets+Generated.swift */ = {isa = PBXFileReference; fileEncoding = 4; lastKnownFileType = sourcecode.swift; path = "XCAssets+Generated.swift"; sourceTree = "<group>"; };
		0AE7497F2BA4AEA9005F923F /* CategoryDTO.swift */ = {isa = PBXFileReference; fileEncoding = 4; lastKnownFileType = sourcecode.swift; path = CategoryDTO.swift; sourceTree = "<group>"; };
		0AE749802BA4AEA9005F923F /* RecipeDTO.swift */ = {isa = PBXFileReference; fileEncoding = 4; lastKnownFileType = sourcecode.swift; path = RecipeDTO.swift; sourceTree = "<group>"; };
		0AE749812BA4AEA9005F923F /* HitDTO.swift */ = {isa = PBXFileReference; fileEncoding = 4; lastKnownFileType = sourcecode.swift; path = HitDTO.swift; sourceTree = "<group>"; };
		0AE749832BA4AEA9005F923F /* RecipeDetailDTO.swift */ = {isa = PBXFileReference; fileEncoding = 4; lastKnownFileType = sourcecode.swift; path = RecipeDetailDTO.swift; sourceTree = "<group>"; };
		0AE749842BA4AEA9005F923F /* NutrientsDTO.swift */ = {isa = PBXFileReference; fileEncoding = 4; lastKnownFileType = sourcecode.swift; path = NutrientsDTO.swift; sourceTree = "<group>"; };
		0AE749852BA4AEA9005F923F /* InfoDTO.swift */ = {isa = PBXFileReference; fileEncoding = 4; lastKnownFileType = sourcecode.swift; path = InfoDTO.swift; sourceTree = "<group>"; };
		0AE749862BA4AEA9005F923F /* RecipeDTOContainer.swift */ = {isa = PBXFileReference; fileEncoding = 4; lastKnownFileType = sourcecode.swift; path = RecipeDTOContainer.swift; sourceTree = "<group>"; };
		0AE749872BA4AEA9005F923F /* TotalDTO.swift */ = {isa = PBXFileReference; fileEncoding = 4; lastKnownFileType = sourcecode.swift; path = TotalDTO.swift; sourceTree = "<group>"; };
		0AE749902BA4B35F005F923F /* RecipeDetailResponseDTO.swift */ = {isa = PBXFileReference; lastKnownFileType = sourcecode.swift; path = RecipeDetailResponseDTO.swift; sourceTree = "<group>"; };
		0AE749972BA55B82005F923F /* CacheService.swift */ = {isa = PBXFileReference; lastKnownFileType = sourcecode.swift; path = CacheService.swift; sourceTree = "<group>"; };
		0AE7499A2BA55C6A005F923F /* Recepies.xcdatamodel */ = {isa = PBXFileReference; lastKnownFileType = wrapper.xcdatamodel; path = Recepies.xcdatamodel; sourceTree = "<group>"; };
		0AE7499D2BA55CC6005F923F /* CoreDataManager.swift */ = {isa = PBXFileReference; lastKnownFileType = sourcecode.swift; path = CoreDataManager.swift; sourceTree = "<group>"; };
		0AE7499F2BA56CBA005F923F /* RecipeDetailedCD+CoreDataClass.swift */ = {isa = PBXFileReference; lastKnownFileType = sourcecode.swift; path = "RecipeDetailedCD+CoreDataClass.swift"; sourceTree = "<group>"; };
		0AE749A12BA56CBA005F923F /* CategoryCD+CoreDataClass.swift */ = {isa = PBXFileReference; lastKnownFileType = sourcecode.swift; path = "CategoryCD+CoreDataClass.swift"; sourceTree = "<group>"; };
		0AE749A32BA56CBA005F923F /* RecipeCD+CoreDataClass.swift */ = {isa = PBXFileReference; lastKnownFileType = sourcecode.swift; path = "RecipeCD+CoreDataClass.swift"; sourceTree = "<group>"; };
		105C35E515F6D6F540F1985C /* Pods_Recepies.framework */ = {isa = PBXFileReference; explicitFileType = wrapper.framework; includeInIndex = 0; path = Pods_Recepies.framework; sourceTree = BUILT_PRODUCTS_DIR; };
		1B9880A82B921DE90020B796 /* DetailPresenter.swift */ = {isa = PBXFileReference; lastKnownFileType = sourcecode.swift; path = DetailPresenter.swift; sourceTree = "<group>"; };
		1B9880AA2B921E100020B796 /* DetailView.swift */ = {isa = PBXFileReference; lastKnownFileType = sourcecode.swift; path = DetailView.swift; sourceTree = "<group>"; };
		1B9880AC2B93556D0020B796 /* TitleTableViewCell.swift */ = {isa = PBXFileReference; lastKnownFileType = sourcecode.swift; path = TitleTableViewCell.swift; sourceTree = "<group>"; };
		1B9880AE2B9377530020B796 /* FullDescriptionTableViewCell.swift */ = {isa = PBXFileReference; lastKnownFileType = sourcecode.swift; path = FullDescriptionTableViewCell.swift; sourceTree = "<group>"; };
		1B9880B72B9674910020B796 /* TermsView.swift */ = {isa = PBXFileReference; lastKnownFileType = sourcecode.swift; path = TermsView.swift; sourceTree = "<group>"; };
		1B9880B92B97883C0020B796 /* Terms.swift */ = {isa = PBXFileReference; lastKnownFileType = sourcecode.swift; path = Terms.swift; sourceTree = "<group>"; };
		1B9880BD2B9A5CB50020B796 /* User.swift */ = {isa = PBXFileReference; lastKnownFileType = sourcecode.swift; path = User.swift; sourceTree = "<group>"; };
		1B9880BF2B9A5D7A0020B796 /* Caretaker.swift */ = {isa = PBXFileReference; lastKnownFileType = sourcecode.swift; path = Caretaker.swift; sourceTree = "<group>"; };
		1B9B36DB2B8E1DB900E774EB /* PresenterProfile.swift */ = {isa = PBXFileReference; fileEncoding = 4; lastKnownFileType = sourcecode.swift; path = PresenterProfile.swift; sourceTree = "<group>"; };
		1B9B36DE2B8E1DC200E774EB /* Options.swift */ = {isa = PBXFileReference; fileEncoding = 4; lastKnownFileType = sourcecode.swift; path = Options.swift; sourceTree = "<group>"; };
		1B9B36DF2B8E1DC200E774EB /* ProfileUser.swift */ = {isa = PBXFileReference; fileEncoding = 4; lastKnownFileType = sourcecode.swift; path = ProfileUser.swift; sourceTree = "<group>"; };
		1B9B36E32B8E1DCC00E774EB /* ProfileView.swift */ = {isa = PBXFileReference; fileEncoding = 4; lastKnownFileType = sourcecode.swift; path = ProfileView.swift; sourceTree = "<group>"; };
		1B9B36E52B8E1E2F00E774EB /* MainTableViewCell.swift */ = {isa = PBXFileReference; fileEncoding = 4; lastKnownFileType = sourcecode.swift; path = MainTableViewCell.swift; sourceTree = "<group>"; };
		1B9B36E72B8E1E3400E774EB /* OtherTableViewCell.swift */ = {isa = PBXFileReference; fileEncoding = 4; lastKnownFileType = sourcecode.swift; path = OtherTableViewCell.swift; sourceTree = "<group>"; };
		1B9B36E92B8E8F8D00E774EB /* BonusViewController.swift */ = {isa = PBXFileReference; lastKnownFileType = sourcecode.swift; path = BonusViewController.swift; sourceTree = "<group>"; };
		1B9B36EE2B8EA6BD00E774EB /* PresenterBonus.swift */ = {isa = PBXFileReference; lastKnownFileType = sourcecode.swift; path = PresenterBonus.swift; sourceTree = "<group>"; };
		1B9B36F12B8EB5E700E774EB /* FavoritesView.swift */ = {isa = PBXFileReference; lastKnownFileType = sourcecode.swift; path = FavoritesView.swift; sourceTree = "<group>"; };
		1BC98B562BA0C1CB00E9D78D /* RecipeDetail.swift */ = {isa = PBXFileReference; lastKnownFileType = sourcecode.swift; path = RecipeDetail.swift; sourceTree = "<group>"; };
		1BC98B682BA3562F00E9D78D /* ShimmerCell.swift */ = {isa = PBXFileReference; lastKnownFileType = sourcecode.swift; path = ShimmerCell.swift; sourceTree = "<group>"; };
		1BC98B6A2BA3651B00E9D78D /* ErrorView.swift */ = {isa = PBXFileReference; lastKnownFileType = sourcecode.swift; path = ErrorView.swift; sourceTree = "<group>"; };
		BEAA42B0AD83047C26FAC482 /* Pods-Recepies.release.xcconfig */ = {isa = PBXFileReference; includeInIndex = 1; lastKnownFileType = text.xcconfig; name = "Pods-Recepies.release.xcconfig"; path = "Target Support Files/Pods-Recepies/Pods-Recepies.release.xcconfig"; sourceTree = "<group>"; };
		F99EDB9834452C56D17D9E81 /* Pods-Recepies.debug.xcconfig */ = {isa = PBXFileReference; includeInIndex = 1; lastKnownFileType = text.xcconfig; name = "Pods-Recepies.debug.xcconfig"; path = "Target Support Files/Pods-Recepies/Pods-Recepies.debug.xcconfig"; sourceTree = "<group>"; };
/* End PBXFileReference section */

/* Begin PBXFrameworksBuildPhase section */
		0A086E472B8D0DB700ACCD6B /* Frameworks */ = {
			isa = PBXFrameworksBuildPhase;
			buildActionMask = 2147483647;
			files = (
				0AD8065C2BB4ADA0000CE00E /* SortingButtonPackage in Frameworks */,
				916E754CC66FE1F605AA5F1A /* Pods_Recepies.framework in Frameworks */,
			);
			runOnlyForDeploymentPostprocessing = 0;
		};
		0A086E5D2B8D0DB900ACCD6B /* Frameworks */ = {
			isa = PBXFrameworksBuildPhase;
			buildActionMask = 2147483647;
			files = (
			);
			runOnlyForDeploymentPostprocessing = 0;
		};
		0A086E672B8D0DB900ACCD6B /* Frameworks */ = {
			isa = PBXFrameworksBuildPhase;
			buildActionMask = 2147483647;
			files = (
			);
			runOnlyForDeploymentPostprocessing = 0;
		};
/* End PBXFrameworksBuildPhase section */

/* Begin PBXGroup section */
		0A086E412B8D0DB700ACCD6B = {
			isa = PBXGroup;
			children = (
				0AD806882BB5A7F4000CE00E /* swiftgen.yml */,
				0A086E4C2B8D0DB700ACCD6B /* Recepies */,
				0A086E632B8D0DB900ACCD6B /* RecepiesTests */,
				0A086E6D2B8D0DB900ACCD6B /* RecepiesUITests */,
				0A086E4B2B8D0DB700ACCD6B /* Products */,
				3A14E7718422CA8EC19BB0CC /* Pods */,
				605CE1F43F28586610B48DD5 /* Frameworks */,
			);
			sourceTree = "<group>";
		};
		0A086E4B2B8D0DB700ACCD6B /* Products */ = {
			isa = PBXGroup;
			children = (
				0A086E4A2B8D0DB700ACCD6B /* Recepies.app */,
				0A086E602B8D0DB900ACCD6B /* RecepiesTests.xctest */,
				0A086E6A2B8D0DB900ACCD6B /* RecepiesUITests.xctest */,
			);
			name = Products;
			sourceTree = "<group>";
		};
		0A086E4C2B8D0DB700ACCD6B /* Recepies */ = {
			isa = PBXGroup;
			children = (
				0AD806942BB5FAE9000CE00E /* Generated */,
				0A086E7E2B8D0FD900ACCD6B /* App */,
				0A086E932B8DCB5000ACCD6B /* Coordinators */,
				0A086E812B8D180100ACCD6B /* Modules */,
				0A5703572B99E7FD00996130 /* Services */,
				0ACD2EC62B8E6897000BA913 /* Extensions */,
				0A086E7D2B8D0F3F00ACCD6B /* SupportingFiles */,
			);
			path = Recepies;
			sourceTree = "<group>";
		};
		0A086E632B8D0DB900ACCD6B /* RecepiesTests */ = {
			isa = PBXGroup;
			children = (
				0A086E642B8D0DB900ACCD6B /* RecepiesTests.swift */,
			);
			path = RecepiesTests;
			sourceTree = "<group>";
		};
		0A086E6D2B8D0DB900ACCD6B /* RecepiesUITests */ = {
			isa = PBXGroup;
			children = (
				0A086E6E2B8D0DB900ACCD6B /* RecepiesUITests.swift */,
				0A086E702B8D0DB900ACCD6B /* RecepiesUITestsLaunchTests.swift */,
			);
			path = RecepiesUITests;
			sourceTree = "<group>";
		};
		0A086E7D2B8D0F3F00ACCD6B /* SupportingFiles */ = {
			isa = PBXGroup;
			children = (
				0A086E562B8D0DB900ACCD6B /* Assets.xcassets */,
				0A086E582B8D0DB900ACCD6B /* LaunchScreen.storyboard */,
				0A086E5B2B8D0DB900ACCD6B /* Info.plist */,
				0AD8068A2BB5E7E3000CE00E /* Localizable.strings */,
			);
			path = SupportingFiles;
			sourceTree = "<group>";
		};
		0A086E7E2B8D0FD900ACCD6B /* App */ = {
			isa = PBXGroup;
			children = (
				0A086E4D2B8D0DB700ACCD6B /* AppDelegate.swift */,
				0ACD2ED92B9102AE000BA913 /* SceneDelegate.swift */,
				0ACD2EED2B9106D9000BA913 /* Builder.swift */,
				0ACD2ED72B906830000BA913 /* TypeAlias.swift */,
			);
			path = App;
			sourceTree = "<group>";
		};
		0A086E812B8D180100ACCD6B /* Modules */ = {
			isa = PBXGroup;
			children = (
				0A086E872B8D1AF600ACCD6B /* TabBar */,
				0A086E822B8D19D400ACCD6B /* SplashScreen */,
				0A086E832B8D19E900ACCD6B /* Authorization */,
				0ACD2EDF2B91037E000BA913 /* Recipes */,
				0ACD2ECB2B8FAECF000BA913 /* Category */,
				1B9880A52B921D6F0020B796 /* Details */,
				0A086E852B8D1A1700ACCD6B /* Favorites */,
				0A086E842B8D1A0C00ACCD6B /* Profile */,
			);
			path = Modules;
			sourceTree = "<group>";
		};
		0A086E822B8D19D400ACCD6B /* SplashScreen */ = {
			isa = PBXGroup;
			children = (
			);
			path = SplashScreen;
			sourceTree = "<group>";
		};
		0A086E832B8D19E900ACCD6B /* Authorization */ = {
			isa = PBXGroup;
			children = (
				0A086E8A2B8D1FC400ACCD6B /* Model */,
				0A086E892B8D1FB400ACCD6B /* View */,
				0A086E882B8D1FA100ACCD6B /* Presenter */,
			);
			path = Authorization;
			sourceTree = "<group>";
		};
		0A086E842B8D1A0C00ACCD6B /* Profile */ = {
			isa = PBXGroup;
			children = (
				1B9880B42B966C250020B796 /* TermsPrivacy */,
				1B9B36EB2B8E93F800E774EB /* Bonus */,
				1B9B36DD2B8E1DC200E774EB /* Model */,
				1B9B36E22B8E1DCC00E774EB /* View */,
				1B9B36DA2B8E1DB900E774EB /* Presenter */,
			);
			path = Profile;
			sourceTree = "<group>";
		};
		0A086E852B8D1A1700ACCD6B /* Favorites */ = {
			isa = PBXGroup;
			children = (
				0A80A4732B923BD200539C0A /* Presenter */,
			);
			path = Favorites;
			sourceTree = "<group>";
		};
		0A086E872B8D1AF600ACCD6B /* TabBar */ = {
			isa = PBXGroup;
			children = (
				0A086E9B2B8DD7D000ACCD6B /* MainTabBarViewController.swift */,
			);
			path = TabBar;
			sourceTree = "<group>";
		};
		0A086E882B8D1FA100ACCD6B /* Presenter */ = {
			isa = PBXGroup;
			children = (
				0A086E8D2B8D209C00ACCD6B /* AuthPresenter.swift */,
			);
			path = Presenter;
			sourceTree = "<group>";
		};
		0A086E892B8D1FB400ACCD6B /* View */ = {
			isa = PBXGroup;
			children = (
				0A086E8B2B8D207D00ACCD6B /* AuthView.swift */,
			);
			path = View;
			sourceTree = "<group>";
		};
		0A086E8A2B8D1FC400ACCD6B /* Model */ = {
			isa = PBXGroup;
			children = (
				1B9880BD2B9A5CB50020B796 /* User.swift */,
			);
			path = Model;
			sourceTree = "<group>";
		};
		0A086E932B8DCB5000ACCD6B /* Coordinators */ = {
			isa = PBXGroup;
			children = (
				0ACD2EEF2B9106ED000BA913 /* AppCoordinator.swift */,
				0A086E942B8DCC2C00ACCD6B /* BaseCoordinator.swift */,
				0A086E9D2B8DEDF800ACCD6B /* RecipesCoordinator.swift */,
				0A086E9F2B8DEF4400ACCD6B /* AuthCoordinator.swift */,
				0A086EA12B8DEFDC00ACCD6B /* FavoritesCoordinator.swift */,
				0A086EA32B8DF00900ACCD6B /* ProfileCoordinator.swift */,
			);
			path = Coordinators;
			sourceTree = "<group>";
		};
		0A413F072B9B018F00F975C5 /* Authorization */ = {
			isa = PBXGroup;
			children = (
				0A086E8F2B8D20FB00ACCD6B /* AuthService.swift */,
				1B9880BF2B9A5D7A0020B796 /* Caretaker.swift */,
			);
			path = Authorization;
			sourceTree = "<group>";
		};
		0A413F082B9B3C8E00F975C5 /* Database */ = {
			isa = PBXGroup;
			children = (
				0A413F092B9B3CA500F975C5 /* Database.swift */,
			);
			path = Database;
			sourceTree = "<group>";
		};
		0A5703542B98481100996130 /* Model */ = {
			isa = PBXGroup;
			children = (
				0A5703552B98484500996130 /* CategoryState.swift */,
			);
			path = Model;
			sourceTree = "<group>";
		};
		0A5703572B99E7FD00996130 /* Services */ = {
			isa = PBXGroup;
			children = (
				0AE749962BA55B53005F923F /* Cache */,
				0AAE69592BA41CD700DCC1B3 /* LoadImage */,
				0AC9D9C72BA07F8000371A0F /* Network */,
				0A413F082B9B3C8E00F975C5 /* Database */,
				0A413F072B9B018F00F975C5 /* Authorization */,
				0A5703582B99E82800996130 /* Logging */,
			);
			path = Services;
			sourceTree = "<group>";
		};
		0A5703582B99E82800996130 /* Logging */ = {
			isa = PBXGroup;
			children = (
				0A5703592B99E84600996130 /* LoggerInvoker.swift */,
				0A57035B2B99E91500996130 /* Logger.swift */,
				0A57035D2B99E97700996130 /* LogCommand.swift */,
			);
			path = Logging;
			sourceTree = "<group>";
		};
		0A80A4732B923BD200539C0A /* Presenter */ = {
			isa = PBXGroup;
			children = (
				0A80A4742B923BE400539C0A /* FavoritesPresenter.swift */,
			);
			path = Presenter;
			sourceTree = "<group>";
		};
		0A80A4762B926FE900539C0A /* Cells */ = {
			isa = PBXGroup;
			children = (
				1B9880AC2B93556D0020B796 /* TitleTableViewCell.swift */,
				0A80A4772B92700800539C0A /* PFCViewCell.swift */,
				1B9880AE2B9377530020B796 /* FullDescriptionTableViewCell.swift */,
				1BC98B682BA3562F00E9D78D /* ShimmerCell.swift */,
			);
			path = Cells;
			sourceTree = "<group>";
		};
		0AAE69592BA41CD700DCC1B3 /* LoadImage */ = {
			isa = PBXGroup;
			children = (
				0AAE695A2BA41D0300DCC1B3 /* Proxy.swift */,
			);
			path = LoadImage;
			sourceTree = "<group>";
		};
		0AC310D72BA189F200EF7DE7 /* Recipe */ = {
			isa = PBXGroup;
			children = (
				0ACD2EE42B91037E000BA913 /* Recipe.swift */,
			);
			path = Recipe;
			sourceTree = "<group>";
		};
		0AC310D82BA18A0300EF7DE7 /* Category */ = {
			isa = PBXGroup;
			children = (
				0AC310D22BA09E0500EF7DE7 /* CategoryType.swift */,
				0A80A4712B91C8E900539C0A /* Category.swift */,
			);
			path = Category;
			sourceTree = "<group>";
		};
		0AC9D9C72BA07F8000371A0F /* Network */ = {
			isa = PBXGroup;
			children = (
				0AC9D9C82BA07F9A00371A0F /* NetworkService.swift */,
				0AC310D52BA0CA7E00EF7DE7 /* RequestCreator.swift */,
				0AE7497D2BA4AEA9005F923F /* DTO */,
			);
			path = Network;
			sourceTree = "<group>";
		};
		0AC9EA0F2BA61A0A00D1E3AE /* CoreDataModel */ = {
			isa = PBXGroup;
			children = (
				0AE749992BA55C6A005F923F /* Recepies.xcdatamodeld */,
				0AE749A12BA56CBA005F923F /* CategoryCD+CoreDataClass.swift */,
				0AE749A32BA56CBA005F923F /* RecipeCD+CoreDataClass.swift */,
				0AE7499F2BA56CBA005F923F /* RecipeDetailedCD+CoreDataClass.swift */,
			);
			path = CoreDataModel;
			sourceTree = "<group>";
		};
		0ACD2EC62B8E6897000BA913 /* Extensions */ = {
			isa = PBXGroup;
			children = (
				0ACD2EC72B8E68B2000BA913 /* UIFont+Extension.swift */,
				0ACD2EC92B8E76A0000BA913 /* UIView+Extension.swift */,
				0A57032C2B97461500996130 /* UIColor+Extension.swift */,
			);
			path = Extensions;
			sourceTree = "<group>";
		};
		0ACD2ECB2B8FAECF000BA913 /* Category */ = {
			isa = PBXGroup;
			children = (
				0A5703542B98481100996130 /* Model */,
				0ACD2ECC2B8FAEEF000BA913 /* View */,
				0ACD2ECD2B8FAEFA000BA913 /* Presenter */,
			);
			path = Category;
			sourceTree = "<group>";
		};
		0ACD2ECC2B8FAEEF000BA913 /* View */ = {
			isa = PBXGroup;
			children = (
				0ACD2ECE2B8FAF1A000BA913 /* CategoryView.swift */,
				0ACD2ED22B8FC32C000BA913 /* Cell */,
			);
			path = View;
			sourceTree = "<group>";
		};
		0ACD2ECD2B8FAEFA000BA913 /* Presenter */ = {
			isa = PBXGroup;
			children = (
				0ACD2ED02B8FAF2B000BA913 /* CategoryPresenter.swift */,
			);
			path = Presenter;
			sourceTree = "<group>";
		};
		0ACD2ED22B8FC32C000BA913 /* Cell */ = {
			isa = PBXGroup;
			children = (
				0ACD2ED32B8FC355000BA913 /* CategoryViewCell.swift */,
			);
			path = Cell;
			sourceTree = "<group>";
		};
		0ACD2EDF2B91037E000BA913 /* Recipes */ = {
			isa = PBXGroup;
			children = (
				0ACD2EE32B91037E000BA913 /* Model */,
				0ACD2EE52B91037E000BA913 /* View */,
				0ACD2EE02B91037E000BA913 /* Presenter */,
			);
			path = Recipes;
			sourceTree = "<group>";
		};
		0ACD2EE02B91037E000BA913 /* Presenter */ = {
			isa = PBXGroup;
			children = (
				0ACD2EE12B91037E000BA913 /* RecipesPresenter.swift */,
			);
			path = Presenter;
			sourceTree = "<group>";
		};
		0ACD2EE32B91037E000BA913 /* Model */ = {
			isa = PBXGroup;
			children = (
				0AC310D82BA18A0300EF7DE7 /* Category */,
				0AC310D72BA189F200EF7DE7 /* Recipe */,
			);
			path = Model;
			sourceTree = "<group>";
		};
		0ACD2EE52B91037E000BA913 /* View */ = {
			isa = PBXGroup;
			children = (
				0ACD2EE62B91037E000BA913 /* RecipesCollectionViewCell.swift */,
				0ACD2EE72B91037E000BA913 /* RecipesView.swift */,
			);
			path = View;
			sourceTree = "<group>";
		};
		0AD806942BB5FAE9000CE00E /* Generated */ = {
			isa = PBXGroup;
			children = (
				0AD806952BB5FB76000CE00E /* Strings+Generated.swift */,
				0AD806962BB5FB76000CE00E /* XCAssets+Generated.swift */,
			);
			path = Generated;
			sourceTree = "<group>";
		};
		0AE7497D2BA4AEA9005F923F /* DTO */ = {
			isa = PBXGroup;
			children = (
				0AE7497E2BA4AEA9005F923F /* CategoryDTO */,
				0AE749822BA4AEA9005F923F /* DetailDTO */,
			);
			path = DTO;
			sourceTree = "<group>";
		};
		0AE7497E2BA4AEA9005F923F /* CategoryDTO */ = {
			isa = PBXGroup;
			children = (
				0AE7497F2BA4AEA9005F923F /* CategoryDTO.swift */,
				0AE749802BA4AEA9005F923F /* RecipeDTO.swift */,
				0AE749812BA4AEA9005F923F /* HitDTO.swift */,
			);
			path = CategoryDTO;
			sourceTree = "<group>";
		};
		0AE749822BA4AEA9005F923F /* DetailDTO */ = {
			isa = PBXGroup;
			children = (
				0AE749902BA4B35F005F923F /* RecipeDetailResponseDTO.swift */,
				0AE749832BA4AEA9005F923F /* RecipeDetailDTO.swift */,
				0AE749842BA4AEA9005F923F /* NutrientsDTO.swift */,
				0AE749852BA4AEA9005F923F /* InfoDTO.swift */,
				0AE749862BA4AEA9005F923F /* RecipeDTOContainer.swift */,
				0AE749872BA4AEA9005F923F /* TotalDTO.swift */,
			);
			path = DetailDTO;
			sourceTree = "<group>";
		};
		0AE749962BA55B53005F923F /* Cache */ = {
			isa = PBXGroup;
			children = (
				0AE749972BA55B82005F923F /* CacheService.swift */,
				0AE7499C2BA55C76005F923F /* CoreData */,
			);
			path = Cache;
			sourceTree = "<group>";
		};
		0AE7499C2BA55C76005F923F /* CoreData */ = {
			isa = PBXGroup;
			children = (
				0AE7499D2BA55CC6005F923F /* CoreDataManager.swift */,
				0AC9EA0F2BA61A0A00D1E3AE /* CoreDataModel */,
			);
			path = CoreData;
			sourceTree = "<group>";
		};
		1B9880A52B921D6F0020B796 /* Details */ = {
			isa = PBXGroup;
			children = (
				1BC98B552BA0C18D00E9D78D /* Model */,
				1B9880A62B921D8C0020B796 /* View */,
				1B9880A72B921D940020B796 /* Presenter */,
			);
			path = Details;
			sourceTree = "<group>";
		};
		1B9880A62B921D8C0020B796 /* View */ = {
			isa = PBXGroup;
			children = (
				1BC98B6A2BA3651B00E9D78D /* ErrorView.swift */,
				1B9880AA2B921E100020B796 /* DetailView.swift */,
				0A80A4792B92716200539C0A /* PFCView.swift */,
				0A80A4762B926FE900539C0A /* Cells */,
			);
			path = View;
			sourceTree = "<group>";
		};
		1B9880A72B921D940020B796 /* Presenter */ = {
			isa = PBXGroup;
			children = (
				1B9880A82B921DE90020B796 /* DetailPresenter.swift */,
			);
			path = Presenter;
			sourceTree = "<group>";
		};
		1B9880B42B966C250020B796 /* TermsPrivacy */ = {
			isa = PBXGroup;
			children = (
				1B9880B52B966C3C0020B796 /* View */,
			);
			path = TermsPrivacy;
			sourceTree = "<group>";
		};
		1B9880B52B966C3C0020B796 /* View */ = {
			isa = PBXGroup;
			children = (
				1B9880B72B9674910020B796 /* TermsView.swift */,
			);
			path = View;
			sourceTree = "<group>";
		};
		1B9B36DA2B8E1DB900E774EB /* Presenter */ = {
			isa = PBXGroup;
			children = (
				1B9B36DB2B8E1DB900E774EB /* PresenterProfile.swift */,
			);
			path = Presenter;
			sourceTree = "<group>";
		};
		1B9B36DD2B8E1DC200E774EB /* Model */ = {
			isa = PBXGroup;
			children = (
				1B9B36DE2B8E1DC200E774EB /* Options.swift */,
				1B9B36DF2B8E1DC200E774EB /* ProfileUser.swift */,
				1B9880B92B97883C0020B796 /* Terms.swift */,
			);
			path = Model;
			sourceTree = "<group>";
		};
		1B9B36E22B8E1DCC00E774EB /* View */ = {
			isa = PBXGroup;
			children = (
				1B9B36F02B8EB5CF00E774EB /* View */,
				1B9B36E72B8E1E3400E774EB /* OtherTableViewCell.swift */,
				1B9B36E52B8E1E2F00E774EB /* MainTableViewCell.swift */,
				1B9B36E32B8E1DCC00E774EB /* ProfileView.swift */,
			);
			path = View;
			sourceTree = "<group>";
		};
		1B9B36EB2B8E93F800E774EB /* Bonus */ = {
			isa = PBXGroup;
			children = (
				1B9B36EC2B8E941600E774EB /* View */,
				1B9B36ED2B8E947800E774EB /* Presenter */,
			);
			path = Bonus;
			sourceTree = "<group>";
		};
		1B9B36EC2B8E941600E774EB /* View */ = {
			isa = PBXGroup;
			children = (
				1B9B36E92B8E8F8D00E774EB /* BonusViewController.swift */,
			);
			path = View;
			sourceTree = "<group>";
		};
		1B9B36ED2B8E947800E774EB /* Presenter */ = {
			isa = PBXGroup;
			children = (
				1B9B36EE2B8EA6BD00E774EB /* PresenterBonus.swift */,
			);
			path = Presenter;
			sourceTree = "<group>";
		};
		1B9B36F02B8EB5CF00E774EB /* View */ = {
			isa = PBXGroup;
			children = (
				1B9B36F12B8EB5E700E774EB /* FavoritesView.swift */,
			);
			path = View;
			sourceTree = "<group>";
		};
		1BC98B552BA0C18D00E9D78D /* Model */ = {
			isa = PBXGroup;
			children = (
				1BC98B562BA0C1CB00E9D78D /* RecipeDetail.swift */,
			);
			path = Model;
			sourceTree = "<group>";
		};
		3A14E7718422CA8EC19BB0CC /* Pods */ = {
			isa = PBXGroup;
			children = (
				F99EDB9834452C56D17D9E81 /* Pods-Recepies.debug.xcconfig */,
				BEAA42B0AD83047C26FAC482 /* Pods-Recepies.release.xcconfig */,
			);
			path = Pods;
			sourceTree = "<group>";
		};
		605CE1F43F28586610B48DD5 /* Frameworks */ = {
			isa = PBXGroup;
			children = (
				105C35E515F6D6F540F1985C /* Pods_Recepies.framework */,
			);
			name = Frameworks;
			sourceTree = "<group>";
		};
/* End PBXGroup section */

/* Begin PBXNativeTarget section */
		0A086E492B8D0DB700ACCD6B /* Recepies */ = {
			isa = PBXNativeTarget;
			buildConfigurationList = 0A086E742B8D0DB900ACCD6B /* Build configuration list for PBXNativeTarget "Recepies" */;
			buildPhases = (
				3704909464D344A2B94489B5 /* [CP] Check Pods Manifest.lock */,
				0AD8068C2BB5F00C000CE00E /* SwiftGen */,
				0A086E7F2B8D121700ACCD6B /* SwiftFormat */,
				0A086E802B8D12B300ACCD6B /* SwiftlintScript */,
				0A086E462B8D0DB700ACCD6B /* Sources */,
				0A086E472B8D0DB700ACCD6B /* Frameworks */,
				0A086E482B8D0DB700ACCD6B /* Resources */,
				6D346017B65210A03403F130 /* [CP] Embed Pods Frameworks */,
			);
			buildRules = (
			);
			dependencies = (
			);
			name = Recepies;
			packageProductDependencies = (
				0AD8065B2BB4ADA0000CE00E /* SortingButtonPackage */,
			);
			productName = Recepies;
			productReference = 0A086E4A2B8D0DB700ACCD6B /* Recepies.app */;
			productType = "com.apple.product-type.application";
		};
		0A086E5F2B8D0DB900ACCD6B /* RecepiesTests */ = {
			isa = PBXNativeTarget;
			buildConfigurationList = 0A086E772B8D0DB900ACCD6B /* Build configuration list for PBXNativeTarget "RecepiesTests" */;
			buildPhases = (
				0A086E5C2B8D0DB900ACCD6B /* Sources */,
				0A086E5D2B8D0DB900ACCD6B /* Frameworks */,
				0A086E5E2B8D0DB900ACCD6B /* Resources */,
			);
			buildRules = (
			);
			dependencies = (
				0A086E622B8D0DB900ACCD6B /* PBXTargetDependency */,
			);
			name = RecepiesTests;
			productName = RecepiesTests;
			productReference = 0A086E602B8D0DB900ACCD6B /* RecepiesTests.xctest */;
			productType = "com.apple.product-type.bundle.unit-test";
		};
		0A086E692B8D0DB900ACCD6B /* RecepiesUITests */ = {
			isa = PBXNativeTarget;
			buildConfigurationList = 0A086E7A2B8D0DB900ACCD6B /* Build configuration list for PBXNativeTarget "RecepiesUITests" */;
			buildPhases = (
				0A086E662B8D0DB900ACCD6B /* Sources */,
				0A086E672B8D0DB900ACCD6B /* Frameworks */,
				0A086E682B8D0DB900ACCD6B /* Resources */,
			);
			buildRules = (
			);
			dependencies = (
				0A086E6C2B8D0DB900ACCD6B /* PBXTargetDependency */,
			);
			name = RecepiesUITests;
			productName = RecepiesUITests;
			productReference = 0A086E6A2B8D0DB900ACCD6B /* RecepiesUITests.xctest */;
			productType = "com.apple.product-type.bundle.ui-testing";
		};
/* End PBXNativeTarget section */

/* Begin PBXProject section */
		0A086E422B8D0DB700ACCD6B /* Project object */ = {
			isa = PBXProject;
			attributes = {
				BuildIndependentTargetsInParallel = 1;
				LastSwiftUpdateCheck = 1500;
				LastUpgradeCheck = 1500;
				TargetAttributes = {
					0A086E492B8D0DB700ACCD6B = {
						CreatedOnToolsVersion = 15.0;
					};
					0A086E5F2B8D0DB900ACCD6B = {
						CreatedOnToolsVersion = 15.0;
						TestTargetID = 0A086E492B8D0DB700ACCD6B;
					};
					0A086E692B8D0DB900ACCD6B = {
						CreatedOnToolsVersion = 15.0;
						TestTargetID = 0A086E492B8D0DB700ACCD6B;
					};
				};
			};
			buildConfigurationList = 0A086E452B8D0DB700ACCD6B /* Build configuration list for PBXProject "Recepies" */;
			compatibilityVersion = "Xcode 14.0";
			developmentRegion = en;
			hasScannedForEncodings = 0;
			knownRegions = (
				en,
				Base,
			);
			mainGroup = 0A086E412B8D0DB700ACCD6B;
			packageReferences = (
				0AD8065A2BB4ADA0000CE00E /* XCRemoteSwiftPackageReference "SortingButtonPackage" */,
			);
			productRefGroup = 0A086E4B2B8D0DB700ACCD6B /* Products */;
			projectDirPath = "";
			projectRoot = "";
			targets = (
				0A086E492B8D0DB700ACCD6B /* Recepies */,
				0A086E5F2B8D0DB900ACCD6B /* RecepiesTests */,
				0A086E692B8D0DB900ACCD6B /* RecepiesUITests */,
			);
		};
/* End PBXProject section */

/* Begin PBXResourcesBuildPhase section */
		0A086E482B8D0DB700ACCD6B /* Resources */ = {
			isa = PBXResourcesBuildPhase;
			buildActionMask = 2147483647;
			files = (
				0A086E5A2B8D0DB900ACCD6B /* LaunchScreen.storyboard in Resources */,
				0AD8068B2BB5E7E3000CE00E /* Localizable.strings in Resources */,
				0A086E572B8D0DB900ACCD6B /* Assets.xcassets in Resources */,
				0AD806892BB5A7F4000CE00E /* swiftgen.yml in Resources */,
			);
			runOnlyForDeploymentPostprocessing = 0;
		};
		0A086E5E2B8D0DB900ACCD6B /* Resources */ = {
			isa = PBXResourcesBuildPhase;
			buildActionMask = 2147483647;
			files = (
			);
			runOnlyForDeploymentPostprocessing = 0;
		};
		0A086E682B8D0DB900ACCD6B /* Resources */ = {
			isa = PBXResourcesBuildPhase;
			buildActionMask = 2147483647;
			files = (
			);
			runOnlyForDeploymentPostprocessing = 0;
		};
/* End PBXResourcesBuildPhase section */

/* Begin PBXShellScriptBuildPhase section */
		0A086E7F2B8D121700ACCD6B /* SwiftFormat */ = {
			isa = PBXShellScriptBuildPhase;
			alwaysOutOfDate = 1;
			buildActionMask = 2147483647;
			files = (
			);
			inputFileListPaths = (
			);
			inputPaths = (
			);
			name = SwiftFormat;
			outputFileListPaths = (
			);
			outputPaths = (
			);
			runOnlyForDeploymentPostprocessing = 0;
			shellPath = /bin/sh;
			shellScript = "if [[ \"$(uname -m)\" == arm64 ]]; then\n    export PATH=\"/opt/homebrew/bin:$PATH\"\nfi\n\nif which swiftformat >/dev/null; then\n  swiftformat .\nelse\n  echo \"warning: SwiftFormat not installed, download from https://github.com/nicklockwood/SwiftFormat\"\nfi\n";
			showEnvVarsInLog = 0;
		};
		0A086E802B8D12B300ACCD6B /* SwiftlintScript */ = {
			isa = PBXShellScriptBuildPhase;
			alwaysOutOfDate = 1;
			buildActionMask = 2147483647;
			files = (
			);
			inputFileListPaths = (
			);
			inputPaths = (
			);
			name = SwiftlintScript;
			outputFileListPaths = (
			);
			outputPaths = (
			);
			runOnlyForDeploymentPostprocessing = 0;
			shellPath = /bin/sh;
			shellScript = "if [[ \"$(uname -m)\" == arm64 ]]; then\n    export PATH=\"/opt/homebrew/bin:$PATH\"\nfi\n\nif which swiftlint > /dev/null; then\n  swiftlint\nelse\n  echo \"warning: SwiftLint not installed, download from https://github.com/realm/SwiftLint\"\nfi\n Type a script or drag a script file from your workspace to insert its path.\n";
			showEnvVarsInLog = 0;
		};
		0AD8068C2BB5F00C000CE00E /* SwiftGen */ = {
			isa = PBXShellScriptBuildPhase;
			alwaysOutOfDate = 1;
			buildActionMask = 2147483647;
			files = (
			);
			inputFileListPaths = (
			);
			inputPaths = (
			);
			name = SwiftGen;
			outputFileListPaths = (
			);
			outputPaths = (
			);
			runOnlyForDeploymentPostprocessing = 0;
			shellPath = /bin/sh;
			shellScript = "if [[ \"$(uname -m)\" == arm64 ]]; then\n    export PATH=\"/opt/homebrew/bin:$PATH\"\nfi\n\nif which swiftgen >/dev/null; then\n  swiftgen\nelse\n  echo \"warning: Swiftgen not installed, download from\"\nfi\n";
			showEnvVarsInLog = 0;
		};
		3704909464D344A2B94489B5 /* [CP] Check Pods Manifest.lock */ = {
			isa = PBXShellScriptBuildPhase;
			buildActionMask = 2147483647;
			files = (
			);
			inputFileListPaths = (
			);
			inputPaths = (
				"${PODS_PODFILE_DIR_PATH}/Podfile.lock",
				"${PODS_ROOT}/Manifest.lock",
			);
			name = "[CP] Check Pods Manifest.lock";
			outputFileListPaths = (
			);
			outputPaths = (
				"$(DERIVED_FILE_DIR)/Pods-Recepies-checkManifestLockResult.txt",
			);
			runOnlyForDeploymentPostprocessing = 0;
			shellPath = /bin/sh;
			shellScript = "diff \"${PODS_PODFILE_DIR_PATH}/Podfile.lock\" \"${PODS_ROOT}/Manifest.lock\" > /dev/null\nif [ $? != 0 ] ; then\n    # print error to STDERR\n    echo \"error: The sandbox is not in sync with the Podfile.lock. Run 'pod install' or update your CocoaPods installation.\" >&2\n    exit 1\nfi\n# This output is used by Xcode 'outputs' to avoid re-running this script phase.\necho \"SUCCESS\" > \"${SCRIPT_OUTPUT_FILE_0}\"\n";
			showEnvVarsInLog = 0;
		};
		6D346017B65210A03403F130 /* [CP] Embed Pods Frameworks */ = {
			isa = PBXShellScriptBuildPhase;
			buildActionMask = 2147483647;
			files = (
			);
			inputFileListPaths = (
				"${PODS_ROOT}/Target Support Files/Pods-Recepies/Pods-Recepies-frameworks-${CONFIGURATION}-input-files.xcfilelist",
			);
			name = "[CP] Embed Pods Frameworks";
			outputFileListPaths = (
				"${PODS_ROOT}/Target Support Files/Pods-Recepies/Pods-Recepies-frameworks-${CONFIGURATION}-output-files.xcfilelist",
			);
			runOnlyForDeploymentPostprocessing = 0;
			shellPath = /bin/sh;
			shellScript = "\"${PODS_ROOT}/Target Support Files/Pods-Recepies/Pods-Recepies-frameworks.sh\"\n";
			showEnvVarsInLog = 0;
		};
/* End PBXShellScriptBuildPhase section */

/* Begin PBXSourcesBuildPhase section */
		0A086E462B8D0DB700ACCD6B /* Sources */ = {
			isa = PBXSourcesBuildPhase;
			buildActionMask = 2147483647;
			files = (
				0AD806972BB5FB76000CE00E /* Strings+Generated.swift in Sources */,
				0AD806982BB5FB76000CE00E /* XCAssets+Generated.swift in Sources */,
				0A086E9E2B8DEDF800ACCD6B /* RecipesCoordinator.swift in Sources */,
				1B9880AB2B921E100020B796 /* DetailView.swift in Sources */,
				1B9880BE2B9A5CB50020B796 /* User.swift in Sources */,
				0A086E8E2B8D209C00ACCD6B /* AuthPresenter.swift in Sources */,
				0A086E4E2B8D0DB700ACCD6B /* AppDelegate.swift in Sources */,
				1B9880BA2B97883C0020B796 /* Terms.swift in Sources */,
				0AE749A52BA56CBA005F923F /* RecipeDetailedCD+CoreDataClass.swift in Sources */,
				0AE749A92BA56CBA005F923F /* RecipeCD+CoreDataClass.swift in Sources */,
				0A086E902B8D20FB00ACCD6B /* AuthService.swift in Sources */,
				0ACD2EE82B91037E000BA913 /* RecipesPresenter.swift in Sources */,
				1BC98B572BA0C1CB00E9D78D /* RecipeDetail.swift in Sources */,
				0AC310D62BA0CA7E00EF7DE7 /* RequestCreator.swift in Sources */,
				0A57035C2B99E91500996130 /* Logger.swift in Sources */,
				0ACD2ED42B8FC355000BA913 /* CategoryViewCell.swift in Sources */,
				0ACD2EEC2B91037E000BA913 /* RecipesView.swift in Sources */,
				0A086EA22B8DEFDC00ACCD6B /* FavoritesCoordinator.swift in Sources */,
				1B9880AF2B9377530020B796 /* FullDescriptionTableViewCell.swift in Sources */,
				1B9880C02B9A5D7A0020B796 /* Caretaker.swift in Sources */,
				0ACD2EEB2B91037E000BA913 /* RecipesCollectionViewCell.swift in Sources */,
				0A086E9C2B8DD7D000ACCD6B /* MainTabBarViewController.swift in Sources */,
				1B9B36F22B8EB5E700E774EB /* FavoritesView.swift in Sources */,
				1B9880AD2B93556D0020B796 /* TitleTableViewCell.swift in Sources */,
				0AC310D32BA09E0500EF7DE7 /* CategoryType.swift in Sources */,
				0A80A4722B91C8E900539C0A /* Category.swift in Sources */,
				1B9B36EA2B8E8F8D00E774EB /* BonusViewController.swift in Sources */,
				0A57032D2B97461500996130 /* UIColor+Extension.swift in Sources */,
				0A80A4782B92700800539C0A /* PFCViewCell.swift in Sources */,
				1B9B36E42B8E1DCC00E774EB /* ProfileView.swift in Sources */,
				0A086EA02B8DEF4400ACCD6B /* AuthCoordinator.swift in Sources */,
				0AE7498D2BA4AEA9005F923F /* InfoDTO.swift in Sources */,
				0ACD2EEA2B91037E000BA913 /* Recipe.swift in Sources */,
				1B9B36DC2B8E1DB900E774EB /* PresenterProfile.swift in Sources */,
				0A80A47A2B92716200539C0A /* PFCView.swift in Sources */,
				1BC98B692BA3562F00E9D78D /* ShimmerCell.swift in Sources */,
				0ACD2ED12B8FAF2B000BA913 /* CategoryPresenter.swift in Sources */,
				0A57035A2B99E84600996130 /* LoggerInvoker.swift in Sources */,
				0AE749892BA4AEA9005F923F /* RecipeDTO.swift in Sources */,
				0AE7498B2BA4AEA9005F923F /* RecipeDetailDTO.swift in Sources */,
				0AE749882BA4AEA9005F923F /* CategoryDTO.swift in Sources */,
				1B9B36E62B8E1E2F00E774EB /* MainTableViewCell.swift in Sources */,
				0ACD2EDA2B9102AE000BA913 /* SceneDelegate.swift in Sources */,
				0A80A4752B923BE400539C0A /* FavoritesPresenter.swift in Sources */,
				0AE7498F2BA4AEA9005F923F /* TotalDTO.swift in Sources */,
				0A086EA42B8DF00900ACCD6B /* ProfileCoordinator.swift in Sources */,
				0AE7498A2BA4AEA9005F923F /* HitDTO.swift in Sources */,
				0AAE695B2BA41D0300DCC1B3 /* Proxy.swift in Sources */,
				0ACD2EF02B9106ED000BA913 /* AppCoordinator.swift in Sources */,
				1B9B36E82B8E1E3400E774EB /* OtherTableViewCell.swift in Sources */,
				0A086E952B8DCC2C00ACCD6B /* BaseCoordinator.swift in Sources */,
				0ACD2ECF2B8FAF1A000BA913 /* CategoryView.swift in Sources */,
				0ACD2ECA2B8E76A0000BA913 /* UIView+Extension.swift in Sources */,
				0ACD2EEE2B9106D9000BA913 /* Builder.swift in Sources */,
				0AE7499B2BA55C6A005F923F /* Recepies.xcdatamodeld in Sources */,
				0AE749A72BA56CBA005F923F /* CategoryCD+CoreDataClass.swift in Sources */,
				0AE749982BA55B82005F923F /* CacheService.swift in Sources */,
				1B9B36E12B8E1DC200E774EB /* ProfileUser.swift in Sources */,
				1B9880B82B9674910020B796 /* TermsView.swift in Sources */,
				0AE749912BA4B35F005F923F /* RecipeDetailResponseDTO.swift in Sources */,
				0A57035E2B99E97700996130 /* LogCommand.swift in Sources */,
				0AE7498C2BA4AEA9005F923F /* NutrientsDTO.swift in Sources */,
				0AC9D9C92BA07F9A00371A0F /* NetworkService.swift in Sources */,
				0A086E8C2B8D207D00ACCD6B /* AuthView.swift in Sources */,
				0AE7498E2BA4AEA9005F923F /* RecipeDTOContainer.swift in Sources */,
				0ACD2ED82B906830000BA913 /* TypeAlias.swift in Sources */,
				1B9B36E02B8E1DC200E774EB /* Options.swift in Sources */,
				0ACD2EC82B8E68B2000BA913 /* UIFont+Extension.swift in Sources */,
				1B9B36EF2B8EA6BD00E774EB /* PresenterBonus.swift in Sources */,
				1BC98B6B2BA3651B00E9D78D /* ErrorView.swift in Sources */,
				0A5703562B98484500996130 /* CategoryState.swift in Sources */,
				1B9880A92B921DE90020B796 /* DetailPresenter.swift in Sources */,
				0A413F0A2B9B3CA500F975C5 /* Database.swift in Sources */,
				0AE7499E2BA55CC6005F923F /* CoreDataManager.swift in Sources */,
			);
			runOnlyForDeploymentPostprocessing = 0;
		};
		0A086E5C2B8D0DB900ACCD6B /* Sources */ = {
			isa = PBXSourcesBuildPhase;
			buildActionMask = 2147483647;
			files = (
				0A086E652B8D0DB900ACCD6B /* RecepiesTests.swift in Sources */,
			);
			runOnlyForDeploymentPostprocessing = 0;
		};
		0A086E662B8D0DB900ACCD6B /* Sources */ = {
			isa = PBXSourcesBuildPhase;
			buildActionMask = 2147483647;
			files = (
				0A086E712B8D0DB900ACCD6B /* RecepiesUITestsLaunchTests.swift in Sources */,
				0A086E6F2B8D0DB900ACCD6B /* RecepiesUITests.swift in Sources */,
			);
			runOnlyForDeploymentPostprocessing = 0;
		};
/* End PBXSourcesBuildPhase section */

/* Begin PBXTargetDependency section */
		0A086E622B8D0DB900ACCD6B /* PBXTargetDependency */ = {
			isa = PBXTargetDependency;
			target = 0A086E492B8D0DB700ACCD6B /* Recepies */;
			targetProxy = 0A086E612B8D0DB900ACCD6B /* PBXContainerItemProxy */;
		};
		0A086E6C2B8D0DB900ACCD6B /* PBXTargetDependency */ = {
			isa = PBXTargetDependency;
			target = 0A086E492B8D0DB700ACCD6B /* Recepies */;
			targetProxy = 0A086E6B2B8D0DB900ACCD6B /* PBXContainerItemProxy */;
		};
/* End PBXTargetDependency section */

/* Begin PBXVariantGroup section */
		0A086E582B8D0DB900ACCD6B /* LaunchScreen.storyboard */ = {
			isa = PBXVariantGroup;
			children = (
				0A086E592B8D0DB900ACCD6B /* Base */,
			);
			name = LaunchScreen.storyboard;
			sourceTree = "<group>";
		};
/* End PBXVariantGroup section */

/* Begin XCBuildConfiguration section */
		0A086E722B8D0DB900ACCD6B /* Debug */ = {
			isa = XCBuildConfiguration;
			buildSettings = {
				ALWAYS_SEARCH_USER_PATHS = NO;
				ASSETCATALOG_COMPILER_GENERATE_SWIFT_ASSET_SYMBOL_EXTENSIONS = YES;
				CLANG_ANALYZER_NONNULL = YES;
				CLANG_ANALYZER_NUMBER_OBJECT_CONVERSION = YES_AGGRESSIVE;
				CLANG_CXX_LANGUAGE_STANDARD = "gnu++20";
				CLANG_ENABLE_MODULES = YES;
				CLANG_ENABLE_OBJC_ARC = YES;
				CLANG_ENABLE_OBJC_WEAK = YES;
				CLANG_WARN_BLOCK_CAPTURE_AUTORELEASING = YES;
				CLANG_WARN_BOOL_CONVERSION = YES;
				CLANG_WARN_COMMA = YES;
				CLANG_WARN_CONSTANT_CONVERSION = YES;
				CLANG_WARN_DEPRECATED_OBJC_IMPLEMENTATIONS = YES;
				CLANG_WARN_DIRECT_OBJC_ISA_USAGE = YES_ERROR;
				CLANG_WARN_DOCUMENTATION_COMMENTS = YES;
				CLANG_WARN_EMPTY_BODY = YES;
				CLANG_WARN_ENUM_CONVERSION = YES;
				CLANG_WARN_INFINITE_RECURSION = YES;
				CLANG_WARN_INT_CONVERSION = YES;
				CLANG_WARN_NON_LITERAL_NULL_CONVERSION = YES;
				CLANG_WARN_OBJC_IMPLICIT_RETAIN_SELF = YES;
				CLANG_WARN_OBJC_LITERAL_CONVERSION = YES;
				CLANG_WARN_OBJC_ROOT_CLASS = YES_ERROR;
				CLANG_WARN_QUOTED_INCLUDE_IN_FRAMEWORK_HEADER = YES;
				CLANG_WARN_RANGE_LOOP_ANALYSIS = YES;
				CLANG_WARN_STRICT_PROTOTYPES = YES;
				CLANG_WARN_SUSPICIOUS_MOVE = YES;
				CLANG_WARN_UNGUARDED_AVAILABILITY = YES_AGGRESSIVE;
				CLANG_WARN_UNREACHABLE_CODE = YES;
				CLANG_WARN__DUPLICATE_METHOD_MATCH = YES;
				COPY_PHASE_STRIP = NO;
				DEBUG_INFORMATION_FORMAT = dwarf;
				ENABLE_STRICT_OBJC_MSGSEND = YES;
				ENABLE_TESTABILITY = YES;
				ENABLE_USER_SCRIPT_SANDBOXING = YES;
				GCC_C_LANGUAGE_STANDARD = gnu17;
				GCC_DYNAMIC_NO_PIC = NO;
				GCC_NO_COMMON_BLOCKS = YES;
				GCC_OPTIMIZATION_LEVEL = 0;
				GCC_PREPROCESSOR_DEFINITIONS = (
					"DEBUG=1",
					"$(inherited)",
				);
				GCC_WARN_64_TO_32_BIT_CONVERSION = YES;
				GCC_WARN_ABOUT_RETURN_TYPE = YES_ERROR;
				GCC_WARN_UNDECLARED_SELECTOR = YES;
				GCC_WARN_UNINITIALIZED_AUTOS = YES_AGGRESSIVE;
				GCC_WARN_UNUSED_FUNCTION = YES;
				GCC_WARN_UNUSED_VARIABLE = YES;
				IPHONEOS_DEPLOYMENT_TARGET = 15.0;
				LOCALIZATION_PREFERS_STRING_CATALOGS = YES;
				MTL_ENABLE_DEBUG_INFO = INCLUDE_SOURCE;
				MTL_FAST_MATH = YES;
				ONLY_ACTIVE_ARCH = YES;
				SDKROOT = iphoneos;
				SWIFT_ACTIVE_COMPILATION_CONDITIONS = "DEBUG $(inherited)";
				SWIFT_OPTIMIZATION_LEVEL = "-Onone";
			};
			name = Debug;
		};
		0A086E732B8D0DB900ACCD6B /* Release */ = {
			isa = XCBuildConfiguration;
			buildSettings = {
				ALWAYS_SEARCH_USER_PATHS = NO;
				ASSETCATALOG_COMPILER_GENERATE_SWIFT_ASSET_SYMBOL_EXTENSIONS = YES;
				CLANG_ANALYZER_NONNULL = YES;
				CLANG_ANALYZER_NUMBER_OBJECT_CONVERSION = YES_AGGRESSIVE;
				CLANG_CXX_LANGUAGE_STANDARD = "gnu++20";
				CLANG_ENABLE_MODULES = YES;
				CLANG_ENABLE_OBJC_ARC = YES;
				CLANG_ENABLE_OBJC_WEAK = YES;
				CLANG_WARN_BLOCK_CAPTURE_AUTORELEASING = YES;
				CLANG_WARN_BOOL_CONVERSION = YES;
				CLANG_WARN_COMMA = YES;
				CLANG_WARN_CONSTANT_CONVERSION = YES;
				CLANG_WARN_DEPRECATED_OBJC_IMPLEMENTATIONS = YES;
				CLANG_WARN_DIRECT_OBJC_ISA_USAGE = YES_ERROR;
				CLANG_WARN_DOCUMENTATION_COMMENTS = YES;
				CLANG_WARN_EMPTY_BODY = YES;
				CLANG_WARN_ENUM_CONVERSION = YES;
				CLANG_WARN_INFINITE_RECURSION = YES;
				CLANG_WARN_INT_CONVERSION = YES;
				CLANG_WARN_NON_LITERAL_NULL_CONVERSION = YES;
				CLANG_WARN_OBJC_IMPLICIT_RETAIN_SELF = YES;
				CLANG_WARN_OBJC_LITERAL_CONVERSION = YES;
				CLANG_WARN_OBJC_ROOT_CLASS = YES_ERROR;
				CLANG_WARN_QUOTED_INCLUDE_IN_FRAMEWORK_HEADER = YES;
				CLANG_WARN_RANGE_LOOP_ANALYSIS = YES;
				CLANG_WARN_STRICT_PROTOTYPES = YES;
				CLANG_WARN_SUSPICIOUS_MOVE = YES;
				CLANG_WARN_UNGUARDED_AVAILABILITY = YES_AGGRESSIVE;
				CLANG_WARN_UNREACHABLE_CODE = YES;
				CLANG_WARN__DUPLICATE_METHOD_MATCH = YES;
				COPY_PHASE_STRIP = NO;
				DEBUG_INFORMATION_FORMAT = "dwarf-with-dsym";
				ENABLE_NS_ASSERTIONS = NO;
				ENABLE_STRICT_OBJC_MSGSEND = YES;
				ENABLE_USER_SCRIPT_SANDBOXING = YES;
				GCC_C_LANGUAGE_STANDARD = gnu17;
				GCC_NO_COMMON_BLOCKS = YES;
				GCC_WARN_64_TO_32_BIT_CONVERSION = YES;
				GCC_WARN_ABOUT_RETURN_TYPE = YES_ERROR;
				GCC_WARN_UNDECLARED_SELECTOR = YES;
				GCC_WARN_UNINITIALIZED_AUTOS = YES_AGGRESSIVE;
				GCC_WARN_UNUSED_FUNCTION = YES;
				GCC_WARN_UNUSED_VARIABLE = YES;
				IPHONEOS_DEPLOYMENT_TARGET = 15.0;
				LOCALIZATION_PREFERS_STRING_CATALOGS = YES;
				MTL_ENABLE_DEBUG_INFO = NO;
				MTL_FAST_MATH = YES;
				SDKROOT = iphoneos;
				SWIFT_COMPILATION_MODE = wholemodule;
				VALIDATE_PRODUCT = YES;
			};
			name = Release;
		};
		0A086E752B8D0DB900ACCD6B /* Debug */ = {
			isa = XCBuildConfiguration;
			baseConfigurationReference = F99EDB9834452C56D17D9E81 /* Pods-Recepies.debug.xcconfig */;
			buildSettings = {
				ASSETCATALOG_COMPILER_APPICON_NAME = AppIcon;
				ASSETCATALOG_COMPILER_GLOBAL_ACCENT_COLOR_NAME = AccentColor;
				CODE_SIGN_STYLE = Automatic;
				CURRENT_PROJECT_VERSION = 1;
				DEVELOPMENT_TEAM = 783JJUV38L;
				ENABLE_USER_SCRIPT_SANDBOXING = NO;
				GENERATE_INFOPLIST_FILE = YES;
				INFOPLIST_FILE = Recepies/SupportingFiles/Info.plist;
				INFOPLIST_KEY_UIApplicationSupportsIndirectInputEvents = YES;
				INFOPLIST_KEY_UILaunchStoryboardName = LaunchScreen;
				INFOPLIST_KEY_UISupportedInterfaceOrientations_iPad = "UIInterfaceOrientationPortrait UIInterfaceOrientationPortraitUpsideDown UIInterfaceOrientationLandscapeLeft UIInterfaceOrientationLandscapeRight";
				INFOPLIST_KEY_UISupportedInterfaceOrientations_iPhone = "UIInterfaceOrientationPortrait UIInterfaceOrientationLandscapeLeft UIInterfaceOrientationLandscapeRight";
				IPHONEOS_DEPLOYMENT_TARGET = 15.0;
				LD_RUNPATH_SEARCH_PATHS = (
					"$(inherited)",
					"@executable_path/Frameworks",
				);
				MARKETING_VERSION = 1.0;
				PRODUCT_BUNDLE_IDENTIFIER = com.zmey666.Recepies;
				PRODUCT_NAME = "$(TARGET_NAME)";
				SUPPORTED_PLATFORMS = "iphoneos iphonesimulator";
				SUPPORTS_MACCATALYST = NO;
				SUPPORTS_MAC_DESIGNED_FOR_IPHONE_IPAD = NO;
				SWIFT_EMIT_LOC_STRINGS = YES;
				SWIFT_VERSION = 5.0;
				TARGETED_DEVICE_FAMILY = 1;
			};
			name = Debug;
		};
		0A086E762B8D0DB900ACCD6B /* Release */ = {
			isa = XCBuildConfiguration;
			baseConfigurationReference = BEAA42B0AD83047C26FAC482 /* Pods-Recepies.release.xcconfig */;
			buildSettings = {
				ASSETCATALOG_COMPILER_APPICON_NAME = AppIcon;
				ASSETCATALOG_COMPILER_GLOBAL_ACCENT_COLOR_NAME = AccentColor;
				CODE_SIGN_STYLE = Automatic;
				CURRENT_PROJECT_VERSION = 1;
				DEVELOPMENT_TEAM = 783JJUV38L;
				ENABLE_USER_SCRIPT_SANDBOXING = NO;
				GENERATE_INFOPLIST_FILE = YES;
				INFOPLIST_FILE = Recepies/SupportingFiles/Info.plist;
				INFOPLIST_KEY_UIApplicationSupportsIndirectInputEvents = YES;
				INFOPLIST_KEY_UILaunchStoryboardName = LaunchScreen;
				INFOPLIST_KEY_UISupportedInterfaceOrientations_iPad = "UIInterfaceOrientationPortrait UIInterfaceOrientationPortraitUpsideDown UIInterfaceOrientationLandscapeLeft UIInterfaceOrientationLandscapeRight";
				INFOPLIST_KEY_UISupportedInterfaceOrientations_iPhone = "UIInterfaceOrientationPortrait UIInterfaceOrientationLandscapeLeft UIInterfaceOrientationLandscapeRight";
				IPHONEOS_DEPLOYMENT_TARGET = 15.0;
				LD_RUNPATH_SEARCH_PATHS = (
					"$(inherited)",
					"@executable_path/Frameworks",
				);
				MARKETING_VERSION = 1.0;
				PRODUCT_BUNDLE_IDENTIFIER = com.zmey666.Recepies;
				PRODUCT_NAME = "$(TARGET_NAME)";
				SUPPORTED_PLATFORMS = "iphoneos iphonesimulator";
				SUPPORTS_MACCATALYST = NO;
				SUPPORTS_MAC_DESIGNED_FOR_IPHONE_IPAD = NO;
				SWIFT_EMIT_LOC_STRINGS = YES;
				SWIFT_VERSION = 5.0;
				TARGETED_DEVICE_FAMILY = 1;
			};
			name = Release;
		};
		0A086E782B8D0DB900ACCD6B /* Debug */ = {
			isa = XCBuildConfiguration;
			buildSettings = {
				ALWAYS_EMBED_SWIFT_STANDARD_LIBRARIES = YES;
				BUNDLE_LOADER = "$(TEST_HOST)";
				CODE_SIGN_STYLE = Automatic;
				CURRENT_PROJECT_VERSION = 1;
				GENERATE_INFOPLIST_FILE = YES;
				IPHONEOS_DEPLOYMENT_TARGET = 17.0;
				MARKETING_VERSION = 1.0;
				PRODUCT_BUNDLE_IDENTIFIER = com.zmey666.RecepiesTests;
				PRODUCT_NAME = "$(TARGET_NAME)";
				SWIFT_EMIT_LOC_STRINGS = NO;
				SWIFT_VERSION = 5.0;
				TARGETED_DEVICE_FAMILY = "1,2";
				TEST_HOST = "$(BUILT_PRODUCTS_DIR)/Recepies.app/$(BUNDLE_EXECUTABLE_FOLDER_PATH)/Recepies";
			};
			name = Debug;
		};
		0A086E792B8D0DB900ACCD6B /* Release */ = {
			isa = XCBuildConfiguration;
			buildSettings = {
				ALWAYS_EMBED_SWIFT_STANDARD_LIBRARIES = YES;
				BUNDLE_LOADER = "$(TEST_HOST)";
				CODE_SIGN_STYLE = Automatic;
				CURRENT_PROJECT_VERSION = 1;
				GENERATE_INFOPLIST_FILE = YES;
				IPHONEOS_DEPLOYMENT_TARGET = 17.0;
				MARKETING_VERSION = 1.0;
				PRODUCT_BUNDLE_IDENTIFIER = com.zmey666.RecepiesTests;
				PRODUCT_NAME = "$(TARGET_NAME)";
				SWIFT_EMIT_LOC_STRINGS = NO;
				SWIFT_VERSION = 5.0;
				TARGETED_DEVICE_FAMILY = "1,2";
				TEST_HOST = "$(BUILT_PRODUCTS_DIR)/Recepies.app/$(BUNDLE_EXECUTABLE_FOLDER_PATH)/Recepies";
			};
			name = Release;
		};
		0A086E7B2B8D0DB900ACCD6B /* Debug */ = {
			isa = XCBuildConfiguration;
			buildSettings = {
				ALWAYS_EMBED_SWIFT_STANDARD_LIBRARIES = YES;
				CODE_SIGN_STYLE = Automatic;
				CURRENT_PROJECT_VERSION = 1;
				GENERATE_INFOPLIST_FILE = YES;
				MARKETING_VERSION = 1.0;
				PRODUCT_BUNDLE_IDENTIFIER = com.zmey666.RecepiesUITests;
				PRODUCT_NAME = "$(TARGET_NAME)";
				SWIFT_EMIT_LOC_STRINGS = NO;
				SWIFT_VERSION = 5.0;
				TARGETED_DEVICE_FAMILY = "1,2";
				TEST_TARGET_NAME = Recepies;
			};
			name = Debug;
		};
		0A086E7C2B8D0DB900ACCD6B /* Release */ = {
			isa = XCBuildConfiguration;
			buildSettings = {
				ALWAYS_EMBED_SWIFT_STANDARD_LIBRARIES = YES;
				CODE_SIGN_STYLE = Automatic;
				CURRENT_PROJECT_VERSION = 1;
				GENERATE_INFOPLIST_FILE = YES;
				MARKETING_VERSION = 1.0;
				PRODUCT_BUNDLE_IDENTIFIER = com.zmey666.RecepiesUITests;
				PRODUCT_NAME = "$(TARGET_NAME)";
				SWIFT_EMIT_LOC_STRINGS = NO;
				SWIFT_VERSION = 5.0;
				TARGETED_DEVICE_FAMILY = "1,2";
				TEST_TARGET_NAME = Recepies;
			};
			name = Release;
		};
/* End XCBuildConfiguration section */

/* Begin XCConfigurationList section */
		0A086E452B8D0DB700ACCD6B /* Build configuration list for PBXProject "Recepies" */ = {
			isa = XCConfigurationList;
			buildConfigurations = (
				0A086E722B8D0DB900ACCD6B /* Debug */,
				0A086E732B8D0DB900ACCD6B /* Release */,
			);
			defaultConfigurationIsVisible = 0;
			defaultConfigurationName = Release;
		};
		0A086E742B8D0DB900ACCD6B /* Build configuration list for PBXNativeTarget "Recepies" */ = {
			isa = XCConfigurationList;
			buildConfigurations = (
				0A086E752B8D0DB900ACCD6B /* Debug */,
				0A086E762B8D0DB900ACCD6B /* Release */,
			);
			defaultConfigurationIsVisible = 0;
			defaultConfigurationName = Release;
		};
		0A086E772B8D0DB900ACCD6B /* Build configuration list for PBXNativeTarget "RecepiesTests" */ = {
			isa = XCConfigurationList;
			buildConfigurations = (
				0A086E782B8D0DB900ACCD6B /* Debug */,
				0A086E792B8D0DB900ACCD6B /* Release */,
			);
			defaultConfigurationIsVisible = 0;
			defaultConfigurationName = Release;
		};
		0A086E7A2B8D0DB900ACCD6B /* Build configuration list for PBXNativeTarget "RecepiesUITests" */ = {
			isa = XCConfigurationList;
			buildConfigurations = (
				0A086E7B2B8D0DB900ACCD6B /* Debug */,
				0A086E7C2B8D0DB900ACCD6B /* Release */,
			);
			defaultConfigurationIsVisible = 0;
			defaultConfigurationName = Release;
		};
/* End XCConfigurationList section */

/* Begin XCRemoteSwiftPackageReference section */
		0AD8065A2BB4ADA0000CE00E /* XCRemoteSwiftPackageReference "SortingButtonPackage" */ = {
			isa = XCRemoteSwiftPackageReference;
			repositoryURL = "git@github.com:DmitryLorents/SortingButtonPackage.git";
			requirement = {
				kind = upToNextMajorVersion;
				minimumVersion = 1.0.0;
			};
		};
/* End XCRemoteSwiftPackageReference section */

/* Begin XCSwiftPackageProductDependency section */
		0AD8065B2BB4ADA0000CE00E /* SortingButtonPackage */ = {
			isa = XCSwiftPackageProductDependency;
			package = 0AD8065A2BB4ADA0000CE00E /* XCRemoteSwiftPackageReference "SortingButtonPackage" */;
			productName = SortingButtonPackage;
		};
/* End XCSwiftPackageProductDependency section */

/* Begin XCVersionGroup section */
		0AE749992BA55C6A005F923F /* Recepies.xcdatamodeld */ = {
			isa = XCVersionGroup;
			children = (
				0AE7499A2BA55C6A005F923F /* Recepies.xcdatamodel */,
			);
			currentVersion = 0AE7499A2BA55C6A005F923F /* Recepies.xcdatamodel */;
			path = Recepies.xcdatamodeld;
			sourceTree = "<group>";
			versionGroupType = wrapper.xcdatamodel;
		};
/* End XCVersionGroup section */
	};
	rootObject = 0A086E422B8D0DB700ACCD6B /* Project object */;
}
